
Microsoft Visual Studio Solution File, Format Version 12.00
# Visual Studio Version 17
VisualStudioVersion = 17.9.34714.143
MinimumVisualStudioVersion = 10.0.40219.1
Project("{FAE04EC0-301F-11D3-BF4B-00C04F79EFBC}") = "WindowsFormsApp3", "WindowsFormsApp3\WindowsFormsApp3.csproj", "{04D4535F-0D9C-47AF-A46A-BFBC053DC53E}"
EndProject
Global
	GlobalSection(SolutionConfigurationPlatforms) = preSolution
		Debug|Any CPU = Debug|Any CPU
		Release|Any CPU = Release|Any CPU
	EndGlobalSection
	GlobalSection(ProjectConfigurationPlatforms) = postSolution
		{04D4535F-0D9C-47AF-A46A-BFBC053DC53E}.Debug|Any CPU.ActiveCfg = Debug|Any CPU
		{04D4535F-0D9C-47AF-A46A-BFBC053DC53E}.Debug|Any CPU.Build.0 = Debug|Any CPU
		{04D4535F-0D9C-47AF-A46A-BFBC053DC53E}.Release|Any CPU.ActiveCfg = Release|Any CPU
		{04D4535F-0D9C-47AF-A46A-BFBC053DC53E}.Release|Any CPU.Build.0 = Release|Any CPU
	EndGlobalSection
	GlobalSection(SolutionProperties) = preSolution
		HideSolutionNode = FALSE
	EndGlobalSection
	GlobalSection(ExtensibilityGlobals) = postSolution
		SolutionGuid = {079FB8E7-AEAD-42A7-93C5-F8E6F574A0C5}
	EndGlobalSection
EndGlobal
